// !$*UTF8*$!
{
	archiveVersion = 1;
	classes = {
	};
	objectVersion = 50;
	objects = {

/* Begin PBXBuildFile section */
		17944B8DD8DDC5CA1EB34E38 /* Pods_BesideTests.framework in Frameworks */ = {isa = PBXBuildFile; fileRef = 54C2FB7BE5AEFE362C7D5AFD /* Pods_BesideTests.framework */; };
		262E2C1C21B0EE0C0079F98F /* AppDelegate.swift in Sources */ = {isa = PBXBuildFile; fileRef = 262E2C1B21B0EE0C0079F98F /* AppDelegate.swift */; };
		262E2C1E21B0EE0C0079F98F /* ViewController.swift in Sources */ = {isa = PBXBuildFile; fileRef = 262E2C1D21B0EE0C0079F98F /* ViewController.swift */; };
		262E2C2121B0EE0C0079F98F /* Main.storyboard in Resources */ = {isa = PBXBuildFile; fileRef = 262E2C1F21B0EE0C0079F98F /* Main.storyboard */; };
		262E2C2321B0EE0E0079F98F /* Assets.xcassets in Resources */ = {isa = PBXBuildFile; fileRef = 262E2C2221B0EE0E0079F98F /* Assets.xcassets */; };
		262E2C2621B0EE0E0079F98F /* LaunchScreen.storyboard in Resources */ = {isa = PBXBuildFile; fileRef = 262E2C2421B0EE0E0079F98F /* LaunchScreen.storyboard */; };
		262E2C3121B0EE0E0079F98F /* BesideTests.swift in Sources */ = {isa = PBXBuildFile; fileRef = 262E2C3021B0EE0E0079F98F /* BesideTests.swift */; };
		262E2C3C21B0EE0E0079F98F /* BesideUITests.swift in Sources */ = {isa = PBXBuildFile; fileRef = 262E2C3B21B0EE0E0079F98F /* BesideUITests.swift */; };
		262E2C5521B670900079F98F /* Coordinator.swift in Sources */ = {isa = PBXBuildFile; fileRef = 262E2C5421B670900079F98F /* Coordinator.swift */; };
		262E2C5721B671890079F98F /* AppCoordinator.swift in Sources */ = {isa = PBXBuildFile; fileRef = 262E2C5621B671890079F98F /* AppCoordinator.swift */; };
		262E2C5A21B672EB0079F98F /* DashboardViewController.swift in Sources */ = {isa = PBXBuildFile; fileRef = 262E2C5921B672EB0079F98F /* DashboardViewController.swift */; };
		262E2C5D21B674E80079F98F /* DashboardCoordinator.swift in Sources */ = {isa = PBXBuildFile; fileRef = 262E2C5C21B674E80079F98F /* DashboardCoordinator.swift */; };
		262E2C5F21B678220079F98F /* DashboardViewModel.swift in Sources */ = {isa = PBXBuildFile; fileRef = 262E2C5E21B678220079F98F /* DashboardViewModel.swift */; };
		262E2C6121B679B70079F98F /* Repository.swift in Sources */ = {isa = PBXBuildFile; fileRef = 262E2C6021B679B70079F98F /* Repository.swift */; };
		262E2C6A21B67E0F0079F98F /* AppReducer.swift in Sources */ = {isa = PBXBuildFile; fileRef = 262E2C6921B67E0F0079F98F /* AppReducer.swift */; };
		262E2C6E21B67EB10079F98F /* AppState.swift in Sources */ = {isa = PBXBuildFile; fileRef = 262E2C6D21B67EB10079F98F /* AppState.swift */; };
		262E2C7021B680100079F98F /* PropertyActions.swift in Sources */ = {isa = PBXBuildFile; fileRef = 262E2C6F21B680100079F98F /* PropertyActions.swift */; };
		262E2C7221B6801D0079F98F /* LoadingActions.swift in Sources */ = {isa = PBXBuildFile; fileRef = 262E2C7121B6801D0079F98F /* LoadingActions.swift */; };
		262E2C7421B680300079F98F /* ErrorMessageActions.swift in Sources */ = {isa = PBXBuildFile; fileRef = 262E2C7321B680300079F98F /* ErrorMessageActions.swift */; };
		60DBC62AD4C3BF63F10C8544 /* Pods_Beside.framework in Frameworks */ = {isa = PBXBuildFile; fileRef = FB381E147DA17FFF0E00F743 /* Pods_Beside.framework */; };
		6A061F5FB7CB2CDE5B951AF7 /* Pods_BesideUITests.framework in Frameworks */ = {isa = PBXBuildFile; fileRef = 1E4646A558B6B8D46EA64D66 /* Pods_BesideUITests.framework */; };
/* End PBXBuildFile section */

/* Begin PBXContainerItemProxy section */
		262E2C2D21B0EE0E0079F98F /* PBXContainerItemProxy */ = {
			isa = PBXContainerItemProxy;
			containerPortal = 262E2C1021B0EE0C0079F98F /* Project object */;
			proxyType = 1;
			remoteGlobalIDString = 262E2C1721B0EE0C0079F98F;
			remoteInfo = Beside;
		};
		262E2C3821B0EE0E0079F98F /* PBXContainerItemProxy */ = {
			isa = PBXContainerItemProxy;
			containerPortal = 262E2C1021B0EE0C0079F98F /* Project object */;
			proxyType = 1;
			remoteGlobalIDString = 262E2C1721B0EE0C0079F98F;
			remoteInfo = Beside;
		};
		564CF1C521B2076800BCCE3B /* PBXContainerItemProxy */ = {
			isa = PBXContainerItemProxy;
			containerPortal = 564CF1C021B2076800BCCE3B /* Album.xcodeproj */;
			proxyType = 2;
			remoteGlobalIDString = 564CF1A621B2074D00BCCE3B;
			remoteInfo = Album;
		};
		564CF1C721B2076800BCCE3B /* PBXContainerItemProxy */ = {
			isa = PBXContainerItemProxy;
			containerPortal = 564CF1C021B2076800BCCE3B /* Album.xcodeproj */;
			proxyType = 2;
			remoteGlobalIDString = 564CF1AF21B2074D00BCCE3B;
			remoteInfo = AlbumTests;
		};
		564CF20521B2088700BCCE3B /* PBXContainerItemProxy */ = {
			isa = PBXContainerItemProxy;
			containerPortal = 564CF20021B2088700BCCE3B /* Dlna.xcodeproj */;
			proxyType = 2;
			remoteGlobalIDString = 564CF1E621B2086C00BCCE3B;
			remoteInfo = Dlna;
		};
		564CF20721B2088700BCCE3B /* PBXContainerItemProxy */ = {
			isa = PBXContainerItemProxy;
			containerPortal = 564CF20021B2088700BCCE3B /* Dlna.xcodeproj */;
			proxyType = 2;
			remoteGlobalIDString = 564CF1EF21B2086D00BCCE3B;
			remoteInfo = DlnaTests;
		};
/* End PBXContainerItemProxy section */

/* Begin PBXFileReference section */
		0498294F3CC3B6A62DBA076F /* Pods-BesideUITests.release.xcconfig */ = {isa = PBXFileReference; includeInIndex = 1; lastKnownFileType = text.xcconfig; name = "Pods-BesideUITests.release.xcconfig"; path = "Pods/Target Support Files/Pods-BesideUITests/Pods-BesideUITests.release.xcconfig"; sourceTree = "<group>"; };
		075F48C801F5AC4B4AF40F3E /* Pods-BesideTests.debug.xcconfig */ = {isa = PBXFileReference; includeInIndex = 1; lastKnownFileType = text.xcconfig; name = "Pods-BesideTests.debug.xcconfig"; path = "Pods/Target Support Files/Pods-BesideTests/Pods-BesideTests.debug.xcconfig"; sourceTree = "<group>"; };
		1E4646A558B6B8D46EA64D66 /* Pods_BesideUITests.framework */ = {isa = PBXFileReference; explicitFileType = wrapper.framework; includeInIndex = 0; path = Pods_BesideUITests.framework; sourceTree = BUILT_PRODUCTS_DIR; };
		262E2C1821B0EE0C0079F98F /* Beside.app */ = {isa = PBXFileReference; explicitFileType = wrapper.application; includeInIndex = 0; path = Beside.app; sourceTree = BUILT_PRODUCTS_DIR; };
		262E2C1B21B0EE0C0079F98F /* AppDelegate.swift */ = {isa = PBXFileReference; lastKnownFileType = sourcecode.swift; path = AppDelegate.swift; sourceTree = "<group>"; };
		262E2C1D21B0EE0C0079F98F /* ViewController.swift */ = {isa = PBXFileReference; lastKnownFileType = sourcecode.swift; path = ViewController.swift; sourceTree = "<group>"; };
		262E2C2021B0EE0C0079F98F /* Base */ = {isa = PBXFileReference; lastKnownFileType = file.storyboard; name = Base; path = Base.lproj/Main.storyboard; sourceTree = "<group>"; };
		262E2C2221B0EE0E0079F98F /* Assets.xcassets */ = {isa = PBXFileReference; lastKnownFileType = folder.assetcatalog; path = Assets.xcassets; sourceTree = "<group>"; };
		262E2C2521B0EE0E0079F98F /* Base */ = {isa = PBXFileReference; lastKnownFileType = file.storyboard; name = Base; path = Base.lproj/LaunchScreen.storyboard; sourceTree = "<group>"; };
		262E2C2721B0EE0E0079F98F /* Info.plist */ = {isa = PBXFileReference; lastKnownFileType = text.plist.xml; path = Info.plist; sourceTree = "<group>"; };
		262E2C2C21B0EE0E0079F98F /* BesideTests.xctest */ = {isa = PBXFileReference; explicitFileType = wrapper.cfbundle; includeInIndex = 0; path = BesideTests.xctest; sourceTree = BUILT_PRODUCTS_DIR; };
		262E2C3021B0EE0E0079F98F /* BesideTests.swift */ = {isa = PBXFileReference; lastKnownFileType = sourcecode.swift; path = BesideTests.swift; sourceTree = "<group>"; };
		262E2C3221B0EE0E0079F98F /* Info.plist */ = {isa = PBXFileReference; lastKnownFileType = text.plist.xml; path = Info.plist; sourceTree = "<group>"; };
		262E2C3721B0EE0E0079F98F /* BesideUITests.xctest */ = {isa = PBXFileReference; explicitFileType = wrapper.cfbundle; includeInIndex = 0; path = BesideUITests.xctest; sourceTree = BUILT_PRODUCTS_DIR; };
		262E2C3B21B0EE0E0079F98F /* BesideUITests.swift */ = {isa = PBXFileReference; lastKnownFileType = sourcecode.swift; path = BesideUITests.swift; sourceTree = "<group>"; };
		262E2C3D21B0EE0E0079F98F /* Info.plist */ = {isa = PBXFileReference; lastKnownFileType = text.plist.xml; path = Info.plist; sourceTree = "<group>"; };
		262E2C5421B670900079F98F /* Coordinator.swift */ = {isa = PBXFileReference; lastKnownFileType = sourcecode.swift; path = Coordinator.swift; sourceTree = "<group>"; };
		262E2C5621B671890079F98F /* AppCoordinator.swift */ = {isa = PBXFileReference; lastKnownFileType = sourcecode.swift; path = AppCoordinator.swift; sourceTree = "<group>"; };
		262E2C5921B672EB0079F98F /* DashboardViewController.swift */ = {isa = PBXFileReference; lastKnownFileType = sourcecode.swift; path = DashboardViewController.swift; sourceTree = "<group>"; };
		262E2C5C21B674E80079F98F /* DashboardCoordinator.swift */ = {isa = PBXFileReference; lastKnownFileType = sourcecode.swift; path = DashboardCoordinator.swift; sourceTree = "<group>"; };
		262E2C5E21B678220079F98F /* DashboardViewModel.swift */ = {isa = PBXFileReference; lastKnownFileType = sourcecode.swift; path = DashboardViewModel.swift; sourceTree = "<group>"; };
		262E2C6021B679B70079F98F /* Repository.swift */ = {isa = PBXFileReference; lastKnownFileType = sourcecode.swift; path = Repository.swift; sourceTree = "<group>"; };
		262E2C6921B67E0F0079F98F /* AppReducer.swift */ = {isa = PBXFileReference; lastKnownFileType = sourcecode.swift; path = AppReducer.swift; sourceTree = "<group>"; };
		262E2C6D21B67EB10079F98F /* AppState.swift */ = {isa = PBXFileReference; lastKnownFileType = sourcecode.swift; path = AppState.swift; sourceTree = "<group>"; };
		262E2C6F21B680100079F98F /* PropertyActions.swift */ = {isa = PBXFileReference; lastKnownFileType = sourcecode.swift; path = PropertyActions.swift; sourceTree = "<group>"; };
		262E2C7121B6801D0079F98F /* LoadingActions.swift */ = {isa = PBXFileReference; lastKnownFileType = sourcecode.swift; path = LoadingActions.swift; sourceTree = "<group>"; };
		262E2C7321B680300079F98F /* ErrorMessageActions.swift */ = {isa = PBXFileReference; lastKnownFileType = sourcecode.swift; path = ErrorMessageActions.swift; sourceTree = "<group>"; };
		54C2FB7BE5AEFE362C7D5AFD /* Pods_BesideTests.framework */ = {isa = PBXFileReference; explicitFileType = wrapper.framework; includeInIndex = 0; path = Pods_BesideTests.framework; sourceTree = BUILT_PRODUCTS_DIR; };
		564CF1C021B2076800BCCE3B /* Album.xcodeproj */ = {isa = PBXFileReference; lastKnownFileType = "wrapper.pb-project"; name = Album.xcodeproj; path = Album/Album.xcodeproj; sourceTree = "<group>"; };
		564CF20021B2088700BCCE3B /* Dlna.xcodeproj */ = {isa = PBXFileReference; lastKnownFileType = "wrapper.pb-project"; name = Dlna.xcodeproj; path = Dlna/Dlna.xcodeproj; sourceTree = "<group>"; };
		7C254FABD1728D457CD0E53C /* Pods-Beside.release.xcconfig */ = {isa = PBXFileReference; includeInIndex = 1; lastKnownFileType = text.xcconfig; name = "Pods-Beside.release.xcconfig"; path = "Target Support Files/Pods-Beside/Pods-Beside.release.xcconfig"; sourceTree = "<group>"; };
		85E7274CBD679131D95493A3 /* Pods-BesideUITests.debug.xcconfig */ = {isa = PBXFileReference; includeInIndex = 1; lastKnownFileType = text.xcconfig; name = "Pods-BesideUITests.debug.xcconfig"; path = "Pods/Target Support Files/Pods-BesideUITests/Pods-BesideUITests.debug.xcconfig"; sourceTree = "<group>"; };
		98C0767E6CD3F1DA94B21BB4 /* Pods-Beside.debug.xcconfig */ = {isa = PBXFileReference; includeInIndex = 1; lastKnownFileType = text.xcconfig; name = "Pods-Beside.debug.xcconfig"; path = "Pods/Target Support Files/Pods-Beside/Pods-Beside.debug.xcconfig"; sourceTree = "<group>"; };
		A98339194D1C6B33709AB42C /* Pods-BesideTests.release.xcconfig */ = {isa = PBXFileReference; includeInIndex = 1; lastKnownFileType = text.xcconfig; name = "Pods-BesideTests.release.xcconfig"; path = "Target Support Files/Pods-BesideTests/Pods-BesideTests.release.xcconfig"; sourceTree = "<group>"; };
		B67BA0FD4D62C17AA4CF8978 /* Pods-BesideTests.debug.xcconfig */ = {isa = PBXFileReference; includeInIndex = 1; lastKnownFileType = text.xcconfig; name = "Pods-BesideTests.debug.xcconfig"; path = "Target Support Files/Pods-BesideTests/Pods-BesideTests.debug.xcconfig"; sourceTree = "<group>"; };
		BE95E70346E5A3AD99E5D9C8 /* Pods-BesideUITests.debug.xcconfig */ = {isa = PBXFileReference; includeInIndex = 1; lastKnownFileType = text.xcconfig; name = "Pods-BesideUITests.debug.xcconfig"; path = "Target Support Files/Pods-BesideUITests/Pods-BesideUITests.debug.xcconfig"; sourceTree = "<group>"; };
		CA8F2E65A4BB710F0CFB56A1 /* Pods-BesideTests.release.xcconfig */ = {isa = PBXFileReference; includeInIndex = 1; lastKnownFileType = text.xcconfig; name = "Pods-BesideTests.release.xcconfig"; path = "Pods/Target Support Files/Pods-BesideTests/Pods-BesideTests.release.xcconfig"; sourceTree = "<group>"; };
		E2ABC77826394F3A7AFFA6B9 /* Pods-BesideUITests.release.xcconfig */ = {isa = PBXFileReference; includeInIndex = 1; lastKnownFileType = text.xcconfig; name = "Pods-BesideUITests.release.xcconfig"; path = "Target Support Files/Pods-BesideUITests/Pods-BesideUITests.release.xcconfig"; sourceTree = "<group>"; };
		FB381E147DA17FFF0E00F743 /* Pods_Beside.framework */ = {isa = PBXFileReference; explicitFileType = wrapper.framework; includeInIndex = 0; path = Pods_Beside.framework; sourceTree = BUILT_PRODUCTS_DIR; };
		FCD8BFEEA177CA5DF2DBCEB4 /* Pods-Beside.debug.xcconfig */ = {isa = PBXFileReference; includeInIndex = 1; lastKnownFileType = text.xcconfig; name = "Pods-Beside.debug.xcconfig"; path = "Target Support Files/Pods-Beside/Pods-Beside.debug.xcconfig"; sourceTree = "<group>"; };
		FE57676187CEF783F3B1D681 /* Pods-Beside.release.xcconfig */ = {isa = PBXFileReference; includeInIndex = 1; lastKnownFileType = text.xcconfig; name = "Pods-Beside.release.xcconfig"; path = "Pods/Target Support Files/Pods-Beside/Pods-Beside.release.xcconfig"; sourceTree = "<group>"; };
/* End PBXFileReference section */

/* Begin PBXFrameworksBuildPhase section */
		262E2C1521B0EE0C0079F98F /* Frameworks */ = {
			isa = PBXFrameworksBuildPhase;
			buildActionMask = 2147483647;
			files = (
				60DBC62AD4C3BF63F10C8544 /* Pods_Beside.framework in Frameworks */,
			);
			runOnlyForDeploymentPostprocessing = 0;
		};
		262E2C2921B0EE0E0079F98F /* Frameworks */ = {
			isa = PBXFrameworksBuildPhase;
			buildActionMask = 2147483647;
			files = (
				17944B8DD8DDC5CA1EB34E38 /* Pods_BesideTests.framework in Frameworks */,
			);
			runOnlyForDeploymentPostprocessing = 0;
		};
		262E2C3421B0EE0E0079F98F /* Frameworks */ = {
			isa = PBXFrameworksBuildPhase;
			buildActionMask = 2147483647;
			files = (
				6A061F5FB7CB2CDE5B951AF7 /* Pods_BesideUITests.framework in Frameworks */,
			);
			runOnlyForDeploymentPostprocessing = 0;
		};
/* End PBXFrameworksBuildPhase section */

/* Begin PBXGroup section */
		262E2C0F21B0EE0C0079F98F = {
			isa = PBXGroup;
			children = (
				564CF20021B2088700BCCE3B /* Dlna.xcodeproj */,
				564CF1C021B2076800BCCE3B /* Album.xcodeproj */,
				262E2C1A21B0EE0C0079F98F /* Beside */,
				262E2C2F21B0EE0E0079F98F /* BesideTests */,
				262E2C3A21B0EE0E0079F98F /* BesideUITests */,
				262E2C1921B0EE0C0079F98F /* Products */,
				C2471ECC5755BA4BA12A0AE4 /* Pods */,
				28840CFC4838169F499E166A /* Frameworks */,
			);
			sourceTree = "<group>";
		};
		262E2C1921B0EE0C0079F98F /* Products */ = {
			isa = PBXGroup;
			children = (
				262E2C1821B0EE0C0079F98F /* Beside.app */,
				262E2C2C21B0EE0E0079F98F /* BesideTests.xctest */,
				262E2C3721B0EE0E0079F98F /* BesideUITests.xctest */,
			);
			name = Products;
			sourceTree = "<group>";
		};
		262E2C1A21B0EE0C0079F98F /* Beside */ = {
			isa = PBXGroup;
			children = (
				262E2C4C21B1381F0079F98F /* INF(基础架构层) */,
				262E2C4B21B134CE0079F98F /* DAL */,
				262E2C4A21B134BF0079F98F /* SL */,
				262E2C4921B134B00079F98F /* AL */,
				262E2C1B21B0EE0C0079F98F /* AppDelegate.swift */,
				262E2C1D21B0EE0C0079F98F /* ViewController.swift */,
				262E2C1F21B0EE0C0079F98F /* Main.storyboard */,
				262E2C2221B0EE0E0079F98F /* Assets.xcassets */,
				262E2C2421B0EE0E0079F98F /* LaunchScreen.storyboard */,
				262E2C2721B0EE0E0079F98F /* Info.plist */,
			);
			path = Beside;
			sourceTree = "<group>";
		};
		262E2C2F21B0EE0E0079F98F /* BesideTests */ = {
			isa = PBXGroup;
			children = (
				262E2C3021B0EE0E0079F98F /* BesideTests.swift */,
				262E2C3221B0EE0E0079F98F /* Info.plist */,
			);
			path = BesideTests;
			sourceTree = "<group>";
		};
		262E2C3A21B0EE0E0079F98F /* BesideUITests */ = {
			isa = PBXGroup;
			children = (
				262E2C3B21B0EE0E0079F98F /* BesideUITests.swift */,
				262E2C3D21B0EE0E0079F98F /* Info.plist */,
			);
			path = BesideUITests;
			sourceTree = "<group>";
		};
		262E2C4921B134B00079F98F /* AL */ = {
			isa = PBXGroup;
			children = (
				262E2C6C21B67E9B0079F98F /* AppState */,
				262E2C6B21B67E810079F98F /* Actions */,
				262E2C6421B67DE50079F98F /* Reducers */,
				262E2C5B21B673080079F98F /* BaseUI */,
				262E2C5821B672260079F98F /* Dashboard */,
				262E2C4F21B6705F0079F98F /* Coordinators */,
				564CF17221B2046400BCCE3B /* Album */,
				564CF17021B2040700BCCE3B /* Dlna */,
				564CF16F21B203EA00BCCE3B /* Mine */,
				564CF16E21B203DF00BCCE3B /* Home */,
				564CF16D21B203CB00BCCE3B /* Base */,
			);
			path = AL;
			sourceTree = "<group>";
		};
		262E2C4A21B134BF0079F98F /* SL */ = {
			isa = PBXGroup;
			children = (
			);
			path = SL;
			sourceTree = "<group>";
		};
		262E2C4B21B134CE0079F98F /* DAL */ = {
			isa = PBXGroup;
			children = (
			);
			path = DAL;
			sourceTree = "<group>";
		};
		262E2C4C21B1381F0079F98F /* INF(基础架构层) */ = {
			isa = PBXGroup;
			children = (
			);
			path = "INF(基础架构层)";
			sourceTree = "<group>";
		};
		262E2C4F21B6705F0079F98F /* Coordinators */ = {
			isa = PBXGroup;
			children = (
				262E2C5421B670900079F98F /* Coordinator.swift */,
				262E2C5621B671890079F98F /* AppCoordinator.swift */,
			);
			path = Coordinators;
			sourceTree = "<group>";
		};
		262E2C5821B672260079F98F /* Dashboard */ = {
			isa = PBXGroup;
			children = (
				262E2C5921B672EB0079F98F /* DashboardViewController.swift */,
				262E2C5C21B674E80079F98F /* DashboardCoordinator.swift */,
				262E2C5E21B678220079F98F /* DashboardViewModel.swift */,
				262E2C6021B679B70079F98F /* Repository.swift */,
			);
			path = Dashboard;
			sourceTree = "<group>";
		};
		262E2C5B21B673080079F98F /* BaseUI */ = {
			isa = PBXGroup;
			children = (
			);
			path = BaseUI;
			sourceTree = "<group>";
		};
		262E2C6421B67DE50079F98F /* Reducers */ = {
			isa = PBXGroup;
			children = (
				262E2C6921B67E0F0079F98F /* AppReducer.swift */,
			);
			path = Reducers;
			sourceTree = "<group>";
		};
		262E2C6B21B67E810079F98F /* Actions */ = {
			isa = PBXGroup;
			children = (
				262E2C6F21B680100079F98F /* PropertyActions.swift */,
				262E2C7121B6801D0079F98F /* LoadingActions.swift */,
				262E2C7321B680300079F98F /* ErrorMessageActions.swift */,
			);
			path = Actions;
			sourceTree = "<group>";
		};
		262E2C6C21B67E9B0079F98F /* AppState */ = {
			isa = PBXGroup;
			children = (
				262E2C6D21B67EB10079F98F /* AppState.swift */,
			);
			path = AppState;
			sourceTree = "<group>";
		};
		28840CFC4838169F499E166A /* Frameworks */ = {
			isa = PBXGroup;
			children = (
				FB381E147DA17FFF0E00F743 /* Pods_Beside.framework */,
				54C2FB7BE5AEFE362C7D5AFD /* Pods_BesideTests.framework */,
				1E4646A558B6B8D46EA64D66 /* Pods_BesideUITests.framework */,
			);
			name = Frameworks;
			sourceTree = "<group>";
		};
		564CF16D21B203CB00BCCE3B /* Base */ = {
			isa = PBXGroup;
			children = (
			);
			path = Base;
			sourceTree = "<group>";
		};
		564CF16E21B203DF00BCCE3B /* Home */ = {
			isa = PBXGroup;
			children = (
			);
			path = Home;
			sourceTree = "<group>";
		};
		564CF16F21B203EA00BCCE3B /* Mine */ = {
			isa = PBXGroup;
			children = (
			);
			path = Mine;
			sourceTree = "<group>";
		};
		564CF17021B2040700BCCE3B /* Dlna */ = {
			isa = PBXGroup;
			children = (
			);
			path = Dlna;
			sourceTree = "<group>";
		};
		564CF17221B2046400BCCE3B /* Album */ = {
			isa = PBXGroup;
			children = (
			);
			path = Album;
			sourceTree = "<group>";
		};
		564CF1C121B2076800BCCE3B /* Products */ = {
			isa = PBXGroup;
			children = (
				564CF1C621B2076800BCCE3B /* Album.framework */,
				564CF1C821B2076800BCCE3B /* AlbumTests.xctest */,
			);
			name = Products;
			sourceTree = "<group>";
		};
		564CF20121B2088700BCCE3B /* Products */ = {
			isa = PBXGroup;
			children = (
				564CF20621B2088700BCCE3B /* Dlna.framework */,
				564CF20821B2088700BCCE3B /* DlnaTests.xctest */,
			);
			name = Products;
			sourceTree = "<group>";
		};
		C2471ECC5755BA4BA12A0AE4 /* Pods */ = {
			isa = PBXGroup;
			children = (
				FCD8BFEEA177CA5DF2DBCEB4 /* Pods-Beside.debug.xcconfig */,
				7C254FABD1728D457CD0E53C /* Pods-Beside.release.xcconfig */,
				B67BA0FD4D62C17AA4CF8978 /* Pods-BesideTests.debug.xcconfig */,
				A98339194D1C6B33709AB42C /* Pods-BesideTests.release.xcconfig */,
				BE95E70346E5A3AD99E5D9C8 /* Pods-BesideUITests.debug.xcconfig */,
				E2ABC77826394F3A7AFFA6B9 /* Pods-BesideUITests.release.xcconfig */,
				98C0767E6CD3F1DA94B21BB4 /* Pods-Beside.debug.xcconfig */,
				FE57676187CEF783F3B1D681 /* Pods-Beside.release.xcconfig */,
				075F48C801F5AC4B4AF40F3E /* Pods-BesideTests.debug.xcconfig */,
				CA8F2E65A4BB710F0CFB56A1 /* Pods-BesideTests.release.xcconfig */,
				85E7274CBD679131D95493A3 /* Pods-BesideUITests.debug.xcconfig */,
				0498294F3CC3B6A62DBA076F /* Pods-BesideUITests.release.xcconfig */,
			);
			path = Pods;
			sourceTree = "<group>";
		};
/* End PBXGroup section */

/* Begin PBXNativeTarget section */
		262E2C1721B0EE0C0079F98F /* Beside */ = {
			isa = PBXNativeTarget;
			buildConfigurationList = 262E2C4021B0EE0E0079F98F /* Build configuration list for PBXNativeTarget "Beside" */;
			buildPhases = (
				DB87CAD6F6ECA249F83CF77E /* [CP] Check Pods Manifest.lock */,
				262E2C1421B0EE0C0079F98F /* Sources */,
				262E2C1521B0EE0C0079F98F /* Frameworks */,
				262E2C1621B0EE0C0079F98F /* Resources */,
				35E47CE6659A0678C2EC25D2 /* [CP] Embed Pods Frameworks */,
			);
			buildRules = (
			);
			dependencies = (
			);
			name = Beside;
			productName = Beside;
			productReference = 262E2C1821B0EE0C0079F98F /* Beside.app */;
			productType = "com.apple.product-type.application";
		};
		262E2C2B21B0EE0E0079F98F /* BesideTests */ = {
			isa = PBXNativeTarget;
			buildConfigurationList = 262E2C4321B0EE0E0079F98F /* Build configuration list for PBXNativeTarget "BesideTests" */;
			buildPhases = (
				A85321236B028AACCF150B2B /* [CP] Check Pods Manifest.lock */,
				262E2C2821B0EE0E0079F98F /* Sources */,
				262E2C2921B0EE0E0079F98F /* Frameworks */,
				262E2C2A21B0EE0E0079F98F /* Resources */,
				76009C5BEC2DB87E6EE4A2D6 /* [CP] Embed Pods Frameworks */,
			);
			buildRules = (
			);
			dependencies = (
				262E2C2E21B0EE0E0079F98F /* PBXTargetDependency */,
			);
			name = BesideTests;
			productName = BesideTests;
			productReference = 262E2C2C21B0EE0E0079F98F /* BesideTests.xctest */;
			productType = "com.apple.product-type.bundle.unit-test";
		};
		262E2C3621B0EE0E0079F98F /* BesideUITests */ = {
			isa = PBXNativeTarget;
			buildConfigurationList = 262E2C4621B0EE0E0079F98F /* Build configuration list for PBXNativeTarget "BesideUITests" */;
			buildPhases = (
				182B5326E73D8A778FB186A4 /* [CP] Check Pods Manifest.lock */,
				262E2C3321B0EE0E0079F98F /* Sources */,
				262E2C3421B0EE0E0079F98F /* Frameworks */,
				262E2C3521B0EE0E0079F98F /* Resources */,
			);
			buildRules = (
			);
			dependencies = (
				262E2C3921B0EE0E0079F98F /* PBXTargetDependency */,
			);
			name = BesideUITests;
			productName = BesideUITests;
			productReference = 262E2C3721B0EE0E0079F98F /* BesideUITests.xctest */;
			productType = "com.apple.product-type.bundle.ui-testing";
		};
/* End PBXNativeTarget section */

/* Begin PBXProject section */
		262E2C1021B0EE0C0079F98F /* Project object */ = {
			isa = PBXProject;
			attributes = {
				LastSwiftUpdateCheck = 1000;
				LastUpgradeCheck = 1000;
				ORGANIZATIONNAME = wubaolai;
				TargetAttributes = {
					262E2C1721B0EE0C0079F98F = {
						CreatedOnToolsVersion = 10.0;
					};
					262E2C2B21B0EE0E0079F98F = {
						CreatedOnToolsVersion = 10.0;
						ProvisioningStyle = Automatic;
						TestTargetID = 262E2C1721B0EE0C0079F98F;
					};
					262E2C3621B0EE0E0079F98F = {
						CreatedOnToolsVersion = 10.0;
						ProvisioningStyle = Automatic;
						TestTargetID = 262E2C1721B0EE0C0079F98F;
					};
				};
			};
			buildConfigurationList = 262E2C1321B0EE0C0079F98F /* Build configuration list for PBXProject "Beside" */;
			compatibilityVersion = "Xcode 9.3";
			developmentRegion = en;
			hasScannedForEncodings = 0;
			knownRegions = (
				en,
				Base,
			);
			mainGroup = 262E2C0F21B0EE0C0079F98F;
			productRefGroup = 262E2C1921B0EE0C0079F98F /* Products */;
			projectDirPath = "";
			projectReferences = (
				{
					ProductGroup = 564CF1C121B2076800BCCE3B /* Products */;
					ProjectRef = 564CF1C021B2076800BCCE3B /* Album.xcodeproj */;
				},
				{
					ProductGroup = 564CF20121B2088700BCCE3B /* Products */;
					ProjectRef = 564CF20021B2088700BCCE3B /* Dlna.xcodeproj */;
				},
			);
			projectRoot = "";
			targets = (
				262E2C1721B0EE0C0079F98F /* Beside */,
				262E2C2B21B0EE0E0079F98F /* BesideTests */,
				262E2C3621B0EE0E0079F98F /* BesideUITests */,
			);
		};
/* End PBXProject section */

/* Begin PBXReferenceProxy section */
		564CF1C621B2076800BCCE3B /* Album.framework */ = {
			isa = PBXReferenceProxy;
			fileType = wrapper.framework;
			path = Album.framework;
			remoteRef = 564CF1C521B2076800BCCE3B /* PBXContainerItemProxy */;
			sourceTree = BUILT_PRODUCTS_DIR;
		};
		564CF1C821B2076800BCCE3B /* AlbumTests.xctest */ = {
			isa = PBXReferenceProxy;
			fileType = wrapper.cfbundle;
			path = AlbumTests.xctest;
			remoteRef = 564CF1C721B2076800BCCE3B /* PBXContainerItemProxy */;
			sourceTree = BUILT_PRODUCTS_DIR;
		};
		564CF20621B2088700BCCE3B /* Dlna.framework */ = {
			isa = PBXReferenceProxy;
			fileType = wrapper.framework;
			path = Dlna.framework;
			remoteRef = 564CF20521B2088700BCCE3B /* PBXContainerItemProxy */;
			sourceTree = BUILT_PRODUCTS_DIR;
		};
		564CF20821B2088700BCCE3B /* DlnaTests.xctest */ = {
			isa = PBXReferenceProxy;
			fileType = wrapper.cfbundle;
			path = DlnaTests.xctest;
			remoteRef = 564CF20721B2088700BCCE3B /* PBXContainerItemProxy */;
			sourceTree = BUILT_PRODUCTS_DIR;
		};
/* End PBXReferenceProxy section */

/* Begin PBXResourcesBuildPhase section */
		262E2C1621B0EE0C0079F98F /* Resources */ = {
			isa = PBXResourcesBuildPhase;
			buildActionMask = 2147483647;
			files = (
				262E2C2621B0EE0E0079F98F /* LaunchScreen.storyboard in Resources */,
				262E2C2321B0EE0E0079F98F /* Assets.xcassets in Resources */,
				262E2C2121B0EE0C0079F98F /* Main.storyboard in Resources */,
			);
			runOnlyForDeploymentPostprocessing = 0;
		};
		262E2C2A21B0EE0E0079F98F /* Resources */ = {
			isa = PBXResourcesBuildPhase;
			buildActionMask = 2147483647;
			files = (
			);
			runOnlyForDeploymentPostprocessing = 0;
		};
		262E2C3521B0EE0E0079F98F /* Resources */ = {
			isa = PBXResourcesBuildPhase;
			buildActionMask = 2147483647;
			files = (
			);
			runOnlyForDeploymentPostprocessing = 0;
		};
/* End PBXResourcesBuildPhase section */

/* Begin PBXShellScriptBuildPhase section */
		182B5326E73D8A778FB186A4 /* [CP] Check Pods Manifest.lock */ = {
			isa = PBXShellScriptBuildPhase;
			buildActionMask = 2147483647;
			files = (
			);
			inputFileListPaths = (
			);
			inputPaths = (
				"${PODS_PODFILE_DIR_PATH}/Podfile.lock",
				"${PODS_ROOT}/Manifest.lock",
			);
			name = "[CP] Check Pods Manifest.lock";
			outputFileListPaths = (
			);
			outputPaths = (
				"$(DERIVED_FILE_DIR)/Pods-BesideUITests-checkManifestLockResult.txt",
			);
			runOnlyForDeploymentPostprocessing = 0;
			shellPath = /bin/sh;
			shellScript = "diff \"${PODS_PODFILE_DIR_PATH}/Podfile.lock\" \"${PODS_ROOT}/Manifest.lock\" > /dev/null\nif [ $? != 0 ] ; then\n    # print error to STDERR\n    echo \"error: The sandbox is not in sync with the Podfile.lock. Run 'pod install' or update your CocoaPods installation.\" >&2\n    exit 1\nfi\n# This output is used by Xcode 'outputs' to avoid re-running this script phase.\necho \"SUCCESS\" > \"${SCRIPT_OUTPUT_FILE_0}\"\n";
			showEnvVarsInLog = 0;
		};
		35E47CE6659A0678C2EC25D2 /* [CP] Embed Pods Frameworks */ = {
			isa = PBXShellScriptBuildPhase;
			buildActionMask = 2147483647;
			files = (
			);
			inputFileListPaths = (
			);
			inputPaths = (
				"${PODS_ROOT}/Target Support Files/Pods-Beside/Pods-Beside-frameworks.sh",
				"${BUILT_PRODUCTS_DIR}/Alamofire/Alamofire.framework",
				"${BUILT_PRODUCTS_DIR}/CocoaDebug/CocoaDebug.framework",
				"${BUILT_PRODUCTS_DIR}/Differentiator/Differentiator.framework",
				"${BUILT_PRODUCTS_DIR}/MJRefresh/MJRefresh.framework",
				"${BUILT_PRODUCTS_DIR}/ModelMapper/Mapper.framework",
				"${BUILT_PRODUCTS_DIR}/ReSwift/ReSwift.framework",
				"${BUILT_PRODUCTS_DIR}/Realm/Realm.framework",
				"${BUILT_PRODUCTS_DIR}/RealmSwift/RealmSwift.framework",
				"${BUILT_PRODUCTS_DIR}/RxAlamofire/RxAlamofire.framework",
				"${BUILT_PRODUCTS_DIR}/RxAtomic/RxAtomic.framework",
				"${BUILT_PRODUCTS_DIR}/RxCocoa/RxCocoa.framework",
				"${BUILT_PRODUCTS_DIR}/RxDataSources/RxDataSources.framework",
				"${BUILT_PRODUCTS_DIR}/RxSwift/RxSwift.framework",
				"${BUILT_PRODUCTS_DIR}/SCLAlertView/SCLAlertView.framework",
				"${BUILT_PRODUCTS_DIR}/Toast-Swift/Toast_Swift.framework",
			);
			name = "[CP] Embed Pods Frameworks";
			outputFileListPaths = (
			);
			outputPaths = (
				"${TARGET_BUILD_DIR}/${FRAMEWORKS_FOLDER_PATH}/Alamofire.framework",
				"${TARGET_BUILD_DIR}/${FRAMEWORKS_FOLDER_PATH}/CocoaDebug.framework",
				"${TARGET_BUILD_DIR}/${FRAMEWORKS_FOLDER_PATH}/Differentiator.framework",
				"${TARGET_BUILD_DIR}/${FRAMEWORKS_FOLDER_PATH}/MJRefresh.framework",
				"${TARGET_BUILD_DIR}/${FRAMEWORKS_FOLDER_PATH}/Mapper.framework",
				"${TARGET_BUILD_DIR}/${FRAMEWORKS_FOLDER_PATH}/ReSwift.framework",
				"${TARGET_BUILD_DIR}/${FRAMEWORKS_FOLDER_PATH}/Realm.framework",
				"${TARGET_BUILD_DIR}/${FRAMEWORKS_FOLDER_PATH}/RealmSwift.framework",
				"${TARGET_BUILD_DIR}/${FRAMEWORKS_FOLDER_PATH}/RxAlamofire.framework",
				"${TARGET_BUILD_DIR}/${FRAMEWORKS_FOLDER_PATH}/RxAtomic.framework",
				"${TARGET_BUILD_DIR}/${FRAMEWORKS_FOLDER_PATH}/RxCocoa.framework",
				"${TARGET_BUILD_DIR}/${FRAMEWORKS_FOLDER_PATH}/RxDataSources.framework",
				"${TARGET_BUILD_DIR}/${FRAMEWORKS_FOLDER_PATH}/RxSwift.framework",
				"${TARGET_BUILD_DIR}/${FRAMEWORKS_FOLDER_PATH}/SCLAlertView.framework",
				"${TARGET_BUILD_DIR}/${FRAMEWORKS_FOLDER_PATH}/Toast_Swift.framework",
			);
			runOnlyForDeploymentPostprocessing = 0;
			shellPath = /bin/sh;
			shellScript = "\"${PODS_ROOT}/Target Support Files/Pods-Beside/Pods-Beside-frameworks.sh\"\n";
			showEnvVarsInLog = 0;
		};
		76009C5BEC2DB87E6EE4A2D6 /* [CP] Embed Pods Frameworks */ = {
			isa = PBXShellScriptBuildPhase;
			buildActionMask = 2147483647;
			files = (
			);
			inputFileListPaths = (
			);
			inputPaths = (
				"${PODS_ROOT}/Target Support Files/Pods-BesideTests/Pods-BesideTests-frameworks.sh",
				"${BUILT_PRODUCTS_DIR}/Nimble/Nimble.framework",
				"${BUILT_PRODUCTS_DIR}/Quick/Quick.framework",
			);
			name = "[CP] Embed Pods Frameworks";
			outputFileListPaths = (
			);
			outputPaths = (
				"${TARGET_BUILD_DIR}/${FRAMEWORKS_FOLDER_PATH}/Nimble.framework",
				"${TARGET_BUILD_DIR}/${FRAMEWORKS_FOLDER_PATH}/Quick.framework",
			);
			runOnlyForDeploymentPostprocessing = 0;
			shellPath = /bin/sh;
			shellScript = "\"${PODS_ROOT}/Target Support Files/Pods-BesideTests/Pods-BesideTests-frameworks.sh\"\n";
			showEnvVarsInLog = 0;
		};
		A85321236B028AACCF150B2B /* [CP] Check Pods Manifest.lock */ = {
			isa = PBXShellScriptBuildPhase;
			buildActionMask = 2147483647;
			files = (
			);
			inputFileListPaths = (
			);
			inputPaths = (
				"${PODS_PODFILE_DIR_PATH}/Podfile.lock",
				"${PODS_ROOT}/Manifest.lock",
			);
			name = "[CP] Check Pods Manifest.lock";
			outputFileListPaths = (
			);
			outputPaths = (
				"$(DERIVED_FILE_DIR)/Pods-BesideTests-checkManifestLockResult.txt",
			);
			runOnlyForDeploymentPostprocessing = 0;
			shellPath = /bin/sh;
			shellScript = "diff \"${PODS_PODFILE_DIR_PATH}/Podfile.lock\" \"${PODS_ROOT}/Manifest.lock\" > /dev/null\nif [ $? != 0 ] ; then\n    # print error to STDERR\n    echo \"error: The sandbox is not in sync with the Podfile.lock. Run 'pod install' or update your CocoaPods installation.\" >&2\n    exit 1\nfi\n# This output is used by Xcode 'outputs' to avoid re-running this script phase.\necho \"SUCCESS\" > \"${SCRIPT_OUTPUT_FILE_0}\"\n";
			showEnvVarsInLog = 0;
		};
		DB87CAD6F6ECA249F83CF77E /* [CP] Check Pods Manifest.lock */ = {
			isa = PBXShellScriptBuildPhase;
			buildActionMask = 2147483647;
			files = (
			);
			inputFileListPaths = (
			);
			inputPaths = (
				"${PODS_PODFILE_DIR_PATH}/Podfile.lock",
				"${PODS_ROOT}/Manifest.lock",
			);
			name = "[CP] Check Pods Manifest.lock";
			outputFileListPaths = (
			);
			outputPaths = (
				"$(DERIVED_FILE_DIR)/Pods-Beside-checkManifestLockResult.txt",
			);
			runOnlyForDeploymentPostprocessing = 0;
			shellPath = /bin/sh;
			shellScript = "diff \"${PODS_PODFILE_DIR_PATH}/Podfile.lock\" \"${PODS_ROOT}/Manifest.lock\" > /dev/null\nif [ $? != 0 ] ; then\n    # print error to STDERR\n    echo \"error: The sandbox is not in sync with the Podfile.lock. Run 'pod install' or update your CocoaPods installation.\" >&2\n    exit 1\nfi\n# This output is used by Xcode 'outputs' to avoid re-running this script phase.\necho \"SUCCESS\" > \"${SCRIPT_OUTPUT_FILE_0}\"\n";
			showEnvVarsInLog = 0;
		};
/* End PBXShellScriptBuildPhase section */

/* Begin PBXSourcesBuildPhase section */
		262E2C1421B0EE0C0079F98F /* Sources */ = {
			isa = PBXSourcesBuildPhase;
			buildActionMask = 2147483647;
			files = (
				262E2C5721B671890079F98F /* AppCoordinator.swift in Sources */,
				262E2C6E21B67EB10079F98F /* AppState.swift in Sources */,
				262E2C5D21B674E80079F98F /* DashboardCoordinator.swift in Sources */,
				262E2C1E21B0EE0C0079F98F /* ViewController.swift in Sources */,
				262E2C6A21B67E0F0079F98F /* AppReducer.swift in Sources */,
				262E2C6121B679B70079F98F /* Repository.swift in Sources */,
				262E2C7221B6801D0079F98F /* LoadingActions.swift in Sources */,
				262E2C5A21B672EB0079F98F /* DashboardViewController.swift in Sources */,
				262E2C7021B680100079F98F /* PropertyActions.swift in Sources */,
				262E2C1C21B0EE0C0079F98F /* AppDelegate.swift in Sources */,
				262E2C5521B670900079F98F /* Coordinator.swift in Sources */,
				262E2C7421B680300079F98F /* ErrorMessageActions.swift in Sources */,
				262E2C5F21B678220079F98F /* DashboardViewModel.swift in Sources */,
			);
			runOnlyForDeploymentPostprocessing = 0;
		};
		262E2C2821B0EE0E0079F98F /* Sources */ = {
			isa = PBXSourcesBuildPhase;
			buildActionMask = 2147483647;
			files = (
				262E2C3121B0EE0E0079F98F /* BesideTests.swift in Sources */,
			);
			runOnlyForDeploymentPostprocessing = 0;
		};
		262E2C3321B0EE0E0079F98F /* Sources */ = {
			isa = PBXSourcesBuildPhase;
			buildActionMask = 2147483647;
			files = (
				262E2C3C21B0EE0E0079F98F /* BesideUITests.swift in Sources */,
			);
			runOnlyForDeploymentPostprocessing = 0;
		};
/* End PBXSourcesBuildPhase section */

/* Begin PBXTargetDependency section */
		262E2C2E21B0EE0E0079F98F /* PBXTargetDependency */ = {
			isa = PBXTargetDependency;
			target = 262E2C1721B0EE0C0079F98F /* Beside */;
			targetProxy = 262E2C2D21B0EE0E0079F98F /* PBXContainerItemProxy */;
		};
		262E2C3921B0EE0E0079F98F /* PBXTargetDependency */ = {
			isa = PBXTargetDependency;
			target = 262E2C1721B0EE0C0079F98F /* Beside */;
			targetProxy = 262E2C3821B0EE0E0079F98F /* PBXContainerItemProxy */;
		};
/* End PBXTargetDependency section */

/* Begin PBXVariantGroup section */
		262E2C1F21B0EE0C0079F98F /* Main.storyboard */ = {
			isa = PBXVariantGroup;
			children = (
				262E2C2021B0EE0C0079F98F /* Base */,
			);
			name = Main.storyboard;
			sourceTree = "<group>";
		};
		262E2C2421B0EE0E0079F98F /* LaunchScreen.storyboard */ = {
			isa = PBXVariantGroup;
			children = (
				262E2C2521B0EE0E0079F98F /* Base */,
			);
			name = LaunchScreen.storyboard;
			sourceTree = "<group>";
		};
/* End PBXVariantGroup section */

/* Begin XCBuildConfiguration section */
		262E2C3E21B0EE0E0079F98F /* Debug */ = {
			isa = XCBuildConfiguration;
			buildSettings = {
				ALWAYS_SEARCH_USER_PATHS = NO;
				CLANG_ANALYZER_NONNULL = YES;
				CLANG_ANALYZER_NUMBER_OBJECT_CONVERSION = YES_AGGRESSIVE;
				CLANG_CXX_LANGUAGE_STANDARD = "gnu++14";
				CLANG_CXX_LIBRARY = "libc++";
				CLANG_ENABLE_MODULES = YES;
				CLANG_ENABLE_OBJC_ARC = YES;
				CLANG_ENABLE_OBJC_WEAK = YES;
				CLANG_WARN_BLOCK_CAPTURE_AUTORELEASING = YES;
				CLANG_WARN_BOOL_CONVERSION = YES;
				CLANG_WARN_COMMA = YES;
				CLANG_WARN_CONSTANT_CONVERSION = YES;
				CLANG_WARN_DEPRECATED_OBJC_IMPLEMENTATIONS = YES;
				CLANG_WARN_DIRECT_OBJC_ISA_USAGE = YES_ERROR;
				CLANG_WARN_DOCUMENTATION_COMMENTS = YES;
				CLANG_WARN_EMPTY_BODY = YES;
				CLANG_WARN_ENUM_CONVERSION = YES;
				CLANG_WARN_INFINITE_RECURSION = YES;
				CLANG_WARN_INT_CONVERSION = YES;
				CLANG_WARN_NON_LITERAL_NULL_CONVERSION = YES;
				CLANG_WARN_OBJC_IMPLICIT_RETAIN_SELF = YES;
				CLANG_WARN_OBJC_LITERAL_CONVERSION = YES;
				CLANG_WARN_OBJC_ROOT_CLASS = YES_ERROR;
				CLANG_WARN_RANGE_LOOP_ANALYSIS = YES;
				CLANG_WARN_STRICT_PROTOTYPES = YES;
				CLANG_WARN_SUSPICIOUS_MOVE = YES;
				CLANG_WARN_UNGUARDED_AVAILABILITY = YES_AGGRESSIVE;
				CLANG_WARN_UNREACHABLE_CODE = YES;
				CLANG_WARN__DUPLICATE_METHOD_MATCH = YES;
				CODE_SIGN_IDENTITY = "iPhone Developer";
				COPY_PHASE_STRIP = NO;
				DEBUG_INFORMATION_FORMAT = dwarf;
				ENABLE_STRICT_OBJC_MSGSEND = YES;
				ENABLE_TESTABILITY = YES;
				GCC_C_LANGUAGE_STANDARD = gnu11;
				GCC_DYNAMIC_NO_PIC = NO;
				GCC_NO_COMMON_BLOCKS = YES;
				GCC_OPTIMIZATION_LEVEL = 0;
				GCC_PREPROCESSOR_DEFINITIONS = (
					"DEBUG=1",
					"$(inherited)",
				);
				GCC_WARN_64_TO_32_BIT_CONVERSION = YES;
				GCC_WARN_ABOUT_RETURN_TYPE = YES_ERROR;
				GCC_WARN_UNDECLARED_SELECTOR = YES;
				GCC_WARN_UNINITIALIZED_AUTOS = YES_AGGRESSIVE;
				GCC_WARN_UNUSED_FUNCTION = YES;
				GCC_WARN_UNUSED_VARIABLE = YES;
				IPHONEOS_DEPLOYMENT_TARGET = 12.0;
				MTL_ENABLE_DEBUG_INFO = INCLUDE_SOURCE;
				MTL_FAST_MATH = YES;
				ONLY_ACTIVE_ARCH = YES;
				SDKROOT = iphoneos;
				SWIFT_ACTIVE_COMPILATION_CONDITIONS = DEBUG;
				SWIFT_OPTIMIZATION_LEVEL = "-Onone";
			};
			name = Debug;
		};
		262E2C3F21B0EE0E0079F98F /* Release */ = {
			isa = XCBuildConfiguration;
			buildSettings = {
				ALWAYS_SEARCH_USER_PATHS = NO;
				CLANG_ANALYZER_NONNULL = YES;
				CLANG_ANALYZER_NUMBER_OBJECT_CONVERSION = YES_AGGRESSIVE;
				CLANG_CXX_LANGUAGE_STANDARD = "gnu++14";
				CLANG_CXX_LIBRARY = "libc++";
				CLANG_ENABLE_MODULES = YES;
				CLANG_ENABLE_OBJC_ARC = YES;
				CLANG_ENABLE_OBJC_WEAK = YES;
				CLANG_WARN_BLOCK_CAPTURE_AUTORELEASING = YES;
				CLANG_WARN_BOOL_CONVERSION = YES;
				CLANG_WARN_COMMA = YES;
				CLANG_WARN_CONSTANT_CONVERSION = YES;
				CLANG_WARN_DEPRECATED_OBJC_IMPLEMENTATIONS = YES;
				CLANG_WARN_DIRECT_OBJC_ISA_USAGE = YES_ERROR;
				CLANG_WARN_DOCUMENTATION_COMMENTS = YES;
				CLANG_WARN_EMPTY_BODY = YES;
				CLANG_WARN_ENUM_CONVERSION = YES;
				CLANG_WARN_INFINITE_RECURSION = YES;
				CLANG_WARN_INT_CONVERSION = YES;
				CLANG_WARN_NON_LITERAL_NULL_CONVERSION = YES;
				CLANG_WARN_OBJC_IMPLICIT_RETAIN_SELF = YES;
				CLANG_WARN_OBJC_LITERAL_CONVERSION = YES;
				CLANG_WARN_OBJC_ROOT_CLASS = YES_ERROR;
				CLANG_WARN_RANGE_LOOP_ANALYSIS = YES;
				CLANG_WARN_STRICT_PROTOTYPES = YES;
				CLANG_WARN_SUSPICIOUS_MOVE = YES;
				CLANG_WARN_UNGUARDED_AVAILABILITY = YES_AGGRESSIVE;
				CLANG_WARN_UNREACHABLE_CODE = YES;
				CLANG_WARN__DUPLICATE_METHOD_MATCH = YES;
				CODE_SIGN_IDENTITY = "iPhone Developer";
				COPY_PHASE_STRIP = NO;
				DEBUG_INFORMATION_FORMAT = "dwarf-with-dsym";
				ENABLE_NS_ASSERTIONS = NO;
				ENABLE_STRICT_OBJC_MSGSEND = YES;
				GCC_C_LANGUAGE_STANDARD = gnu11;
				GCC_NO_COMMON_BLOCKS = YES;
				GCC_WARN_64_TO_32_BIT_CONVERSION = YES;
				GCC_WARN_ABOUT_RETURN_TYPE = YES_ERROR;
				GCC_WARN_UNDECLARED_SELECTOR = YES;
				GCC_WARN_UNINITIALIZED_AUTOS = YES_AGGRESSIVE;
				GCC_WARN_UNUSED_FUNCTION = YES;
				GCC_WARN_UNUSED_VARIABLE = YES;
				IPHONEOS_DEPLOYMENT_TARGET = 12.0;
				MTL_ENABLE_DEBUG_INFO = NO;
				MTL_FAST_MATH = YES;
				SDKROOT = iphoneos;
				SWIFT_COMPILATION_MODE = wholemodule;
				SWIFT_OPTIMIZATION_LEVEL = "-O";
				VALIDATE_PRODUCT = YES;
			};
			name = Release;
		};
		262E2C4121B0EE0E0079F98F /* Debug */ = {
			isa = XCBuildConfiguration;
			baseConfigurationReference = FCD8BFEEA177CA5DF2DBCEB4 /* Pods-Beside.debug.xcconfig */;
			buildSettings = {
				ALWAYS_EMBED_SWIFT_STANDARD_LIBRARIES = "$(inherited)";
				ASSETCATALOG_COMPILER_APPICON_NAME = AppIcon;
				CODE_SIGN_IDENTITY = "iPhone Developer";
				CODE_SIGN_STYLE = Automatic;
				CURRENT_PROJECT_VERSION = 3;
				DEVELOPMENT_TEAM = R39BW89H6H;
				INFOPLIST_FILE = Beside/Info.plist;
				IPHONEOS_DEPLOYMENT_TARGET = 9.0;
				LD_RUNPATH_SEARCH_PATHS = (
					"$(inherited)",
					"@executable_path/Frameworks",
				);
				PRODUCT_BUNDLE_IDENTIFIER = com.xingchen.gg;
				PRODUCT_NAME = "$(TARGET_NAME)";
				PROVISIONING_PROFILE_SPECIFIER = "";
				SWIFT_VERSION = 4.2;
				TARGETED_DEVICE_FAMILY = "1,2";
				VERSIONING_SYSTEM = "apple-generic";
			};
			name = Debug;
		};
		262E2C4221B0EE0E0079F98F /* Release */ = {
			isa = XCBuildConfiguration;
			baseConfigurationReference = 7C254FABD1728D457CD0E53C /* Pods-Beside.release.xcconfig */;
			buildSettings = {
				ALWAYS_EMBED_SWIFT_STANDARD_LIBRARIES = "$(inherited)";
				ASSETCATALOG_COMPILER_APPICON_NAME = AppIcon;
				CODE_SIGN_IDENTITY = "iPhone Developer";
				CODE_SIGN_STYLE = Automatic;
				CURRENT_PROJECT_VERSION = 3;
				DEVELOPMENT_TEAM = R39BW89H6H;
				INFOPLIST_FILE = Beside/Info.plist;
				IPHONEOS_DEPLOYMENT_TARGET = 9.0;
				LD_RUNPATH_SEARCH_PATHS = (
					"$(inherited)",
					"@executable_path/Frameworks",
				);
				PRODUCT_BUNDLE_IDENTIFIER = com.xingchen.gg;
				PRODUCT_NAME = "$(TARGET_NAME)";
				PROVISIONING_PROFILE_SPECIFIER = "";
				SWIFT_VERSION = 4.2;
				TARGETED_DEVICE_FAMILY = "1,2";
				VERSIONING_SYSTEM = "apple-generic";
			};
			name = Release;
		};
		262E2C4421B0EE0E0079F98F /* Debug */ = {
			isa = XCBuildConfiguration;
			baseConfigurationReference = B67BA0FD4D62C17AA4CF8978 /* Pods-BesideTests.debug.xcconfig */;
			buildSettings = {
				ALWAYS_EMBED_SWIFT_STANDARD_LIBRARIES = YES;
				BUNDLE_LOADER = "$(TEST_HOST)";
				CODE_SIGN_STYLE = Automatic;
				DEVELOPMENT_TEAM = R39BW89H6H;
				INFOPLIST_FILE = BesideTests/Info.plist;
				LD_RUNPATH_SEARCH_PATHS = (
					"$(inherited)",
					"@executable_path/Frameworks",
					"@loader_path/Frameworks",
				);
				PRODUCT_BUNDLE_IDENTIFIER = dd.BesideTests;
				PRODUCT_NAME = "$(TARGET_NAME)";
				SWIFT_VERSION = 4.2;
				TARGETED_DEVICE_FAMILY = "1,2";
				TEST_HOST = "$(BUILT_PRODUCTS_DIR)/Beside.app/Beside";
			};
			name = Debug;
		};
		262E2C4521B0EE0E0079F98F /* Release */ = {
			isa = XCBuildConfiguration;
			baseConfigurationReference = A98339194D1C6B33709AB42C /* Pods-BesideTests.release.xcconfig */;
			buildSettings = {
				ALWAYS_EMBED_SWIFT_STANDARD_LIBRARIES = YES;
				BUNDLE_LOADER = "$(TEST_HOST)";
				CODE_SIGN_STYLE = Automatic;
				DEVELOPMENT_TEAM = R39BW89H6H;
				INFOPLIST_FILE = BesideTests/Info.plist;
				LD_RUNPATH_SEARCH_PATHS = (
					"$(inherited)",
					"@executable_path/Frameworks",
					"@loader_path/Frameworks",
				);
				PRODUCT_BUNDLE_IDENTIFIER = dd.BesideTests;
				PRODUCT_NAME = "$(TARGET_NAME)";
				SWIFT_VERSION = 4.2;
				TARGETED_DEVICE_FAMILY = "1,2";
				TEST_HOST = "$(BUILT_PRODUCTS_DIR)/Beside.app/Beside";
			};
			name = Release;
		};
		262E2C4721B0EE0E0079F98F /* Debug */ = {
			isa = XCBuildConfiguration;
			baseConfigurationReference = BE95E70346E5A3AD99E5D9C8 /* Pods-BesideUITests.debug.xcconfig */;
			buildSettings = {
				ALWAYS_EMBED_SWIFT_STANDARD_LIBRARIES = YES;
				CODE_SIGN_STYLE = Automatic;
				DEVELOPMENT_TEAM = R39BW89H6H;
				INFOPLIST_FILE = BesideUITests/Info.plist;
				LD_RUNPATH_SEARCH_PATHS = (
					"$(inherited)",
					"@executable_path/Frameworks",
					"@loader_path/Frameworks",
				);
				PRODUCT_BUNDLE_IDENTIFIER = dd.BesideUITests;
				PRODUCT_NAME = "$(TARGET_NAME)";
				SWIFT_VERSION = 4.2;
				TARGETED_DEVICE_FAMILY = "1,2";
				TEST_TARGET_NAME = Beside;
			};
			name = Debug;
		};
		262E2C4821B0EE0E0079F98F /* Release */ = {
			isa = XCBuildConfiguration;
			baseConfigurationReference = E2ABC77826394F3A7AFFA6B9 /* Pods-BesideUITests.release.xcconfig */;
			buildSettings = {
				ALWAYS_EMBED_SWIFT_STANDARD_LIBRARIES = YES;
				CODE_SIGN_STYLE = Automatic;
				DEVELOPMENT_TEAM = R39BW89H6H;
				INFOPLIST_FILE = BesideUITests/Info.plist;
				LD_RUNPATH_SEARCH_PATHS = (
					"$(inherited)",
					"@executable_path/Frameworks",
					"@loader_path/Frameworks",
				);
				PRODUCT_BUNDLE_IDENTIFIER = dd.BesideUITests;
				PRODUCT_NAME = "$(TARGET_NAME)";
				SWIFT_VERSION = 4.2;
				TARGETED_DEVICE_FAMILY = "1,2";
				TEST_TARGET_NAME = Beside;
			};
			name = Release;
		};
/* End XCBuildConfiguration section */

/* Begin XCConfigurationList section */
		262E2C1321B0EE0C0079F98F /* Build configuration list for PBXProject "Beside" */ = {
			isa = XCConfigurationList;
			buildConfigurations = (
				262E2C3E21B0EE0E0079F98F /* Debug */,
				262E2C3F21B0EE0E0079F98F /* Release */,
			);
			defaultConfigurationIsVisible = 0;
			defaultConfigurationName = Release;
		};
		262E2C4021B0EE0E0079F98F /* Build configuration list for PBXNativeTarget "Beside" */ = {
			isa = XCConfigurationList;
			buildConfigurations = (
				262E2C4121B0EE0E0079F98F /* Debug */,
				262E2C4221B0EE0E0079F98F /* Release */,
			);
			defaultConfigurationIsVisible = 0;
			defaultConfigurationName = Release;
		};
		262E2C4321B0EE0E0079F98F /* Build configuration list for PBXNativeTarget "BesideTests" */ = {
			isa = XCConfigurationList;
			buildConfigurations = (
				262E2C4421B0EE0E0079F98F /* Debug */,
				262E2C4521B0EE0E0079F98F /* Release */,
			);
			defaultConfigurationIsVisible = 0;
			defaultConfigurationName = Release;
		};
		262E2C4621B0EE0E0079F98F /* Build configuration list for PBXNativeTarget "BesideUITests" */ = {
			isa = XCConfigurationList;
			buildConfigurations = (
				262E2C4721B0EE0E0079F98F /* Debug */,
				262E2C4821B0EE0E0079F98F /* Release */,
			);
			defaultConfigurationIsVisible = 0;
			defaultConfigurationName = Release;
		};
/* End XCConfigurationList section */
	};
	rootObject = 262E2C1021B0EE0C0079F98F /* Project object */;
}
