PODS:
  - Alamofire (4.8.0)
  - Bugly (2.5.0)
  - CocoaDebug (0.1.5)
  - Differentiator (3.1.0)
  - MJRefresh (3.1.15.7)
  - ModelMapper (9.0.1):
    - ModelMapper/Core (= 9.0.1)
  - ModelMapper/Core (9.0.1)
  - Nimble (7.3.1)
  - Quick (1.3.2)
  - Realm (3.12.0):
    - Realm/Headers (= 3.12.0)
  - Realm/Headers (3.12.0)
  - RealmSwift (3.12.0):
    - Realm (= 3.12.0)
  - ReSwift (4.0.1)
  - RxAlamofire (4.3.0):
    - RxAlamofire/Core (= 4.3.0)
  - RxAlamofire/Core (4.3.0):
    - Alamofire (~> 4.5)
    - RxSwift (~> 4)
  - RxAtomic (4.4.0)
  - RxCocoa (4.4.0):
    - RxSwift (~> 4.0)
  - RxDataSources (3.1.0):
    - Differentiator (~> 3.0)
    - RxCocoa (~> 4.0)
    - RxSwift (~> 4.0)
  - RxSwift (4.4.0):
    - RxAtomic (~> 4.4)
  - SCLAlertView (0.8)
  - Toast-Swift (4.0.1)

DEPENDENCIES:
  - Bugly
  - CocoaDebug
  - MJRefresh
  - ModelMapper
  - Nimble
  - Quick
  - RealmSwift
  - ReSwift
  - RxAlamofire
  - RxCocoa
  - RxDataSources
  - RxSwift
  - SCLAlertView
  - Toast-Swift (~> 4.0.0)

SPEC REPOS:
  https://github.com/cocoapods/specs.git:
    - Alamofire
    - Bugly
    - CocoaDebug
    - Differentiator
    - MJRefresh
    - ModelMapper
    - Nimble
    - Quick
    - Realm
    - RealmSwift
    - ReSwift
    - RxAlamofire
    - RxAtomic
    - RxCocoa
    - RxDataSources
    - RxSwift
    - SCLAlertView
    - Toast-Swift

SPEC CHECKSUMS:
  Alamofire: 3ec537f71edc9804815215393ae2b1a8ea33a844
  Bugly: 3ca9f255c01025582df26f9222893b383c7e4b4e
  CocoaDebug: e3531fc0dfd6f32e6f9cacaecc88b10123b58dec
  Differentiator: be49ca3408f0ecfc761e4c7763d20c62be01b9ad
  MJRefresh: 697f8ec75ebdbe9207767bb682cf0f51b0d8a41f
  ModelMapper: 89a61430a75e6265040dc9555ab1feddeb25b986
  Nimble: 04f732da099ea4d153122aec8c2a88fd0c7219ae
  Quick: 2623cb30d7a7f41ca62f684f679586558f483d46
  Realm: cdaef23c4ddb36ab1ddffed23f5a7f3332fc5585
  RealmSwift: 5576324033f0aa5ef1e0a839a3da2281dff47a7f
  ReSwift: f4012c613e13da7398827fe5aebdb938eaed40a3
  RxAlamofire: 09624d0f2d48ed8b686e4eb4cf68e28cbd2df556
  RxAtomic: eacf60db868c96bfd63320e28619fe29c179656f
  RxCocoa: df63ebf7b9a70d6b4eeea407ed5dd4efc8979749
  RxDataSources: a843bad90c29817f5923ec8163f4af2de084ceb3
  RxSwift: 5976ecd04fc2fefd648827c23de5e11157faa973
  SCLAlertView: 6a77bb2edfc65e04dbe57725546cb4107a506b85
  Toast-Swift: e42a638589a2f95036b4bb7626cfbdde7daf0393

PODFILE CHECKSUM: d4c54242131b2e9bcfd9e6d9adada703ce24d0bb

COCOAPODS: 1.6.0.beta.2
